
Microsoft Visual Studio Solution File, Format Version 12.00
# Visual Studio Version 17
VisualStudioVersion = 17.1.32228.430
MinimumVisualStudioVersion = 10.0.40219.1
Project("{8BC9CEB8-8B4A-11D0-8D11-00A0C91BC942}") = "AG2", "AG2\AG2.vcxproj", "{1F84BC1C-398A-468B-99B3-09EBF6B063B0}"
EndProject
Project("{8BC9CEB8-8B4A-11D0-8D11-00A0C91BC942}") = "AG1", "AG1\KE08.vcxproj", "{94A548E4-22AE-4CBE-8573-E755ECB01FB3}"
EndProject
Global
	GlobalSection(SolutionConfigurationPlatforms) = preSolution
		Debug|x64 = Debug|x64
		Debug|x86 = Debug|x86
		Release|x64 = Release|x64
		Release|x86 = Release|x86
	EndGlobalSection
	GlobalSection(ProjectConfigurationPlatforms) = postSolution
		{1F84BC1C-398A-468B-99B3-09EBF6B063B0}.Debug|x64.ActiveCfg = Debug|x64
		{1F84BC1C-398A-468B-99B3-09EBF6B063B0}.Debug|x64.Build.0 = Debug|x64
		{1F84BC1C-398A-468B-99B3-09EBF6B063B0}.Debug|x86.ActiveCfg = Debug|Win32
		{1F84BC1C-398A-468B-99B3-09EBF6B063B0}.Debug|x86.Build.0 = Debug|Win32
		{1F84BC1C-398A-468B-99B3-09EBF6B063B0}.Release|x64.ActiveCfg = Release|x64
		{1F84BC1C-398A-468B-99B3-09EBF6B063B0}.Release|x64.Build.0 = Release|x64
		{1F84BC1C-398A-468B-99B3-09EBF6B063B0}.Release|x86.ActiveCfg = Release|Win32
		{1F84BC1C-398A-468B-99B3-09EBF6B063B0}.Release|x86.Build.0 = Release|Win32
		{94A548E4-22AE-4CBE-8573-E755ECB01FB3}.Debug|x64.ActiveCfg = Debug|x64
		{94A548E4-22AE-4CBE-8573-E755ECB01FB3}.Debug|x64.Build.0 = Debug|x64
		{94A548E4-22AE-4CBE-8573-E755ECB01FB3}.Debug|x86.ActiveCfg = Debug|Win32
		{94A548E4-22AE-4CBE-8573-E755ECB01FB3}.Debug|x86.Build.0 = Debug|Win32
		{94A548E4-22AE-4CBE-8573-E755ECB01FB3}.Release|x64.ActiveCfg = Release|x64
		{94A548E4-22AE-4CBE-8573-E755ECB01FB3}.Release|x64.Build.0 = Release|x64
		{94A548E4-22AE-4CBE-8573-E755ECB01FB3}.Release|x86.ActiveCfg = Release|Win32
		{94A548E4-22AE-4CBE-8573-E755ECB01FB3}.Release|x86.Build.0 = Release|Win32
	EndGlobalSection
	GlobalSection(SolutionProperties) = preSolution
		HideSolutionNode = FALSE
	EndGlobalSection
	GlobalSection(ExtensibilityGlobals) = postSolution
		SolutionGuid = {736DEE6B-DB6E-41A2-86EA-D562ABF064FC}
	EndGlobalSection
EndGlobal
